
Microsoft Visual Studio Solution File, Format Version 12.00
# Visual Studio Version 17
VisualStudioVersion = 17.14.36327.8
MinimumVisualStudioVersion = 10.0.40219.1
Project("{2150E333-8FDC-42A3-9474-1A3956D46DE8}") = "Solution Items", "Solution Items", "{4C8317A3-FE85-4743-A3D7-49822AB655DB}"
	ProjectSection(SolutionItems) = preProject
		compose.yaml = compose.yaml
		CLAUDE.md = CLAUDE.md
	EndProjectSection
EndProject
Project("{FAE04EC0-301F-11D3-BF4B-00C04F79EFBC}") = "NeoEditor.App", "NeoEditor.App\NeoEditor.App.csproj", "{ADEAB45D-7065-4FCF-ABD6-E642462FD36D}"
EndProject
Project("{2150E333-8FDC-42A3-9474-1A3956D46DE8}") = "Infrastructure", "Infrastructure", "{DFEE68D8-A7D0-1A41-506C-9B74AA9A7B7B}"
EndProject
Project("{FAE04EC0-301F-11D3-BF4B-00C04F79EFBC}") = "NeoEditor.Messaging", "NeoEditor.Messaging\NeoEditor.Messaging.csproj", "{C8D2BBA0-C646-460A-A0C1-1E25E10E68EE}"
EndProject
Project("{FAE04EC0-301F-11D3-BF4B-00C04F79EFBC}") = "NeoEditor.Core", "NeoEditor.Core\NeoEditor.Core.csproj", "{EC0FB38D-C37C-4EB3-A48F-48834E360BC7}"
EndProject
Project("{FAE04EC0-301F-11D3-BF4B-00C04F79EFBC}") = "NeoEditor.Infra", "NeoEditor.Infra\NeoEditor.Infra.csproj", "{48C7F7D5-AA2D-461C-BAED-B400CBFB94DA}"
EndProject
Project("{2150E333-8FDC-42A3-9474-1A3956D46DE8}") = "UI", "UI", "{FA674B5A-3394-926C-2B1E-70E5B00E4A5C}"
EndProject
Project("{FAE04EC0-301F-11D3-BF4B-00C04F79EFBC}") = "NeoEditor.UI.Common", "NeoEditor.UI.Common\NeoEditor.UI.Common.csproj", "{51E4ADD7-1077-4471-97C0-C4ED829AC850}"
EndProject
Project("{2150E333-8FDC-42A3-9474-1A3956D46DE8}") = "Tests", "Tests", "{0AB3BF05-4346-4AA6-1389-037BE0695223}"
EndProject
Project("{FAE04EC0-301F-11D3-BF4B-00C04F79EFBC}") = "NeoEditor.Messaging.Tests", "Tests\NeoEditor.Messaging.Tests\NeoEditor.Messaging.Tests.csproj", "{B9E82C68-D69B-49C9-ABE6-4149FAF62598}"
EndProject
Project("{FAE04EC0-301F-11D3-BF4B-00C04F79EFBC}") = "NeoEditor.Core.Tests", "Tests\NeoEditor.Core.Tests\NeoEditor.Core.Tests.csproj", "{FE5C9A14-D084-4747-9CCC-532D51EAE2DD}"
EndProject
Project("{FAE04EC0-301F-11D3-BF4B-00C04F79EFBC}") = "NeoEditor.Infra.Tests", "Tests\NeoEditor.Infra.Tests\NeoEditor.Infra.Tests.csproj", "{28D960B6-828C-40D2-BC4C-27A951821E42}"
EndProject
Project("{FAE04EC0-301F-11D3-BF4B-00C04F79EFBC}") = "NeoEditor.UI.Common.Tests", "Tests\NeoEditor.UI.Common.Tests\NeoEditor.UI.Common.Tests.csproj", "{175FA0D5-BCB7-486F-9057-B0AE627D99C8}"
EndProject
Project("{2150E333-8FDC-42A3-9474-1A3956D46DE8}") = "Plugins", "Plugins", "{07D57EEB-2F50-60C4-C011-FE4FA775C9A8}"
EndProject
Project("{FAE04EC0-301F-11D3-BF4B-00C04F79EFBC}") = "NeoEditor.Plugins.DataViewer", "NeoEditor.Plugins.DataViewer\NeoEditor.Plugins.DataViewer.csproj", "{03347E65-A2DF-41E0-9E0E-8D98FE3E8AA7}"
EndProject
Project("{FAE04EC0-301F-11D3-BF4B-00C04F79EFBC}") = "NeoEditor.Plugins.DataViewer.Tests", "Tests\NeoEditor.Plugins.DataViewer.Tests\NeoEditor.Plugins.DataViewer.Tests.csproj", "{A7DA6CE9-8810-4607-A5D2-2CA843872818}"
EndProject
Project("{FAE04EC0-301F-11D3-BF4B-00C04F79EFBC}") = "NeoEditor.Plugins.EntityEditor", "NeoEditor.Plugins.EntityEditor\NeoEditor.Plugins.EntityEditor.csproj", "{441912D3-463D-4EA2-80C3-272426220B0B}"
EndProject
Project("{FAE04EC0-301F-11D3-BF4B-00C04F79EFBC}") = "NeoEditor.Plugins.EntityEditor.Tests", "Tests\NeoEditor.Plugins.EntityEditor.Tests\NeoEditor.Plugins.EntityEditor.Tests.csproj", "{B8C9D0E1-2F3A-4B5C-6D7E-8F9012345678}"
EndProject
Project("{FAE04EC0-301F-11D3-BF4B-00C04F79EFBC}") = "NeoEditor.Plugins.ImageTools", "NeoEditor.Plugins.ImageTools\NeoEditor.Plugins.ImageTools.csproj", "{1C5A27CB-4C3A-49E5-A1BB-274C7FF7193B}"
EndProject
Project("{FAE04EC0-301F-11D3-BF4B-00C04F79EFBC}") = "NeoEditor.Plugins.ImageTools.Tests", "Tests\NeoEditor.Plugins.ImageTools.Tests\NeoEditor.Plugins.ImageTools.Tests.csproj", "{44C9FA3C-8024-48B9-B6DF-8C8AB69995E3}"
EndProject
Project("{FAE04EC0-301F-11D3-BF4B-00C04F79EFBC}") = "NeoEditor.Integration.Tests", "Tests\NeoEditor.Integration.Tests\NeoEditor.Integration.Tests.csproj", "{75EAE0BB-2540-4C96-A1F0-B32D61D0A56D}"
EndProject
Project("{FAE04EC0-301F-11D3-BF4B-00C04F79EFBC}") = "NeoEditor.Plugins.Mcp", "NeoEditor.Plugins.Mcp\NeoEditor.Plugins.Mcp.csproj", "{5D29A32F-9B8C-432F-B20F-C72C85E52685}"
EndProject
Project("{FAE04EC0-301F-11D3-BF4B-00C04F79EFBC}") = "NeoEditor.Plugins.Cli", "NeoEditor.Plugins.Cli\NeoEditor.Plugins.Cli.csproj", "{7A70F9BE-4A56-474F-9B62-236783E75011}"
EndProject
Project("{FAE04EC0-301F-11D3-BF4B-00C04F79EFBC}") = "NeoEditor.Plugins.AiChat", "NeoEditor.Plugins.AiChat\NeoEditor.Plugins.AiChat.csproj", "{1813E372-F3D1-4E79-826E-F9FD219DE6BF}"
EndProject
Project("{FAE04EC0-301F-11D3-BF4B-00C04F79EFBC}") = "NeoEditor.Plugins.Mcp.Tests", "Tests\NeoEditor.Plugins.Mcp.Tests\NeoEditor.Plugins.Mcp.Tests.csproj", "{84F2A91B-7C3D-4A2E-B91C-6D42F8E3A71B}"
EndProject
Project("{FAE04EC0-301F-11D3-BF4B-00C04F79EFBC}") = "NeoEditor.Plugins.Cli.Tests", "Tests\NeoEditor.Plugins.Cli.Tests\NeoEditor.Plugins.Cli.Tests.csproj", "{95E3B02C-8D4E-5B3F-C02D-7E53F9D4B82C}"
EndProject
Project("{FAE04EC0-301F-11D3-BF4B-00C04F79EFBC}") = "NeoEditor.Plugins.AiChat.Tests", "Tests\NeoEditor.Plugins.AiChat.Tests\NeoEditor.Plugins.AiChat.Tests.csproj", "{A6F4C13D-9E5F-6C40-D13E-8F64A0E5C93D}"
EndProject
Global
	GlobalSection(SolutionConfigurationPlatforms) = preSolution
		Debug|Any CPU = Debug|Any CPU
		Debug|x64 = Debug|x64
		Debug|x86 = Debug|x86
		Release|Any CPU = Release|Any CPU
		Release|x64 = Release|x64
		Release|x86 = Release|x86
	EndGlobalSection
	GlobalSection(ProjectConfigurationPlatforms) = postSolution
		{ADEAB45D-7065-4FCF-ABD6-E642462FD36D}.Debug|Any CPU.ActiveCfg = Debug|Any CPU
		{ADEAB45D-7065-4FCF-ABD6-E642462FD36D}.Debug|Any CPU.Build.0 = Debug|Any CPU
		{ADEAB45D-7065-4FCF-ABD6-E642462FD36D}.Debug|x64.ActiveCfg = Debug|Any CPU
		{ADEAB45D-7065-4FCF-ABD6-E642462FD36D}.Debug|x64.Build.0 = Debug|Any CPU
		{ADEAB45D-7065-4FCF-ABD6-E642462FD36D}.Debug|x86.ActiveCfg = Debug|Any CPU
		{ADEAB45D-7065-4FCF-ABD6-E642462FD36D}.Debug|x86.Build.0 = Debug|Any CPU
		{ADEAB45D-7065-4FCF-ABD6-E642462FD36D}.Release|Any CPU.ActiveCfg = Release|Any CPU
		{ADEAB45D-7065-4FCF-ABD6-E642462FD36D}.Release|Any CPU.Build.0 = Release|Any CPU
		{ADEAB45D-7065-4FCF-ABD6-E642462FD36D}.Release|x64.ActiveCfg = Release|Any CPU
		{ADEAB45D-7065-4FCF-ABD6-E642462FD36D}.Release|x64.Build.0 = Release|Any CPU
		{ADEAB45D-7065-4FCF-ABD6-E642462FD36D}.Release|x86.ActiveCfg = Release|Any CPU
		{ADEAB45D-7065-4FCF-ABD6-E642462FD36D}.Release|x86.Build.0 = Release|Any CPU
		{C8D2BBA0-C646-460A-A0C1-1E25E10E68EE}.Debug|Any CPU.ActiveCfg = Debug|Any CPU
		{C8D2BBA0-C646-460A-A0C1-1E25E10E68EE}.Debug|Any CPU.Build.0 = Debug|Any CPU
		{C8D2BBA0-C646-460A-A0C1-1E25E10E68EE}.Debug|x64.ActiveCfg = Debug|Any CPU
		{C8D2BBA0-C646-460A-A0C1-1E25E10E68EE}.Debug|x64.Build.0 = Debug|Any CPU
		{C8D2BBA0-C646-460A-A0C1-1E25E10E68EE}.Debug|x86.ActiveCfg = Debug|Any CPU
		{C8D2BBA0-C646-460A-A0C1-1E25E10E68EE}.Debug|x86.Build.0 = Debug|Any CPU
		{C8D2BBA0-C646-460A-A0C1-1E25E10E68EE}.Release|Any CPU.ActiveCfg = Release|Any CPU
		{C8D2BBA0-C646-460A-A0C1-1E25E10E68EE}.Release|Any CPU.Build.0 = Release|Any CPU
		{C8D2BBA0-C646-460A-A0C1-1E25E10E68EE}.Release|x64.ActiveCfg = Release|Any CPU
		{C8D2BBA0-C646-460A-A0C1-1E25E10E68EE}.Release|x64.Build.0 = Release|Any CPU
		{C8D2BBA0-C646-460A-A0C1-1E25E10E68EE}.Release|x86.ActiveCfg = Release|Any CPU
		{C8D2BBA0-C646-460A-A0C1-1E25E10E68EE}.Release|x86.Build.0 = Release|Any CPU
		{EC0FB38D-C37C-4EB3-A48F-48834E360BC7}.Debug|Any CPU.ActiveCfg = Debug|Any CPU
		{EC0FB38D-C37C-4EB3-A48F-48834E360BC7}.Debug|Any CPU.Build.0 = Debug|Any CPU
		{EC0FB38D-C37C-4EB3-A48F-48834E360BC7}.Debug|x64.ActiveCfg = Debug|Any CPU
		{EC0FB38D-C37C-4EB3-A48F-48834E360BC7}.Debug|x64.Build.0 = Debug|Any CPU
		{EC0FB38D-C37C-4EB3-A48F-48834E360BC7}.Debug|x86.ActiveCfg = Debug|Any CPU
		{EC0FB38D-C37C-4EB3-A48F-48834E360BC7}.Debug|x86.Build.0 = Debug|Any CPU
		{EC0FB38D-C37C-4EB3-A48F-48834E360BC7}.Release|Any CPU.ActiveCfg = Release|Any CPU
		{EC0FB38D-C37C-4EB3-A48F-48834E360BC7}.Release|Any CPU.Build.0 = Release|Any CPU
		{EC0FB38D-C37C-4EB3-A48F-48834E360BC7}.Release|x64.ActiveCfg = Release|Any CPU
		{EC0FB38D-C37C-4EB3-A48F-48834E360BC7}.Release|x64.Build.0 = Release|Any CPU
		{EC0FB38D-C37C-4EB3-A48F-48834E360BC7}.Release|x86.ActiveCfg = Release|Any CPU
		{EC0FB38D-C37C-4EB3-A48F-48834E360BC7}.Release|x86.Build.0 = Release|Any CPU
		{48C7F7D5-AA2D-461C-BAED-B400CBFB94DA}.Debug|Any CPU.ActiveCfg = Debug|Any CPU
		{48C7F7D5-AA2D-461C-BAED-B400CBFB94DA}.Debug|Any CPU.Build.0 = Debug|Any CPU
		{48C7F7D5-AA2D-461C-BAED-B400CBFB94DA}.Debug|x64.ActiveCfg = Debug|Any CPU
		{48C7F7D5-AA2D-461C-BAED-B400CBFB94DA}.Debug|x64.Build.0 = Debug|Any CPU
		{48C7F7D5-AA2D-461C-BAED-B400CBFB94DA}.Debug|x86.ActiveCfg = Debug|Any CPU
		{48C7F7D5-AA2D-461C-BAED-B400CBFB94DA}.Debug|x86.Build.0 = Debug|Any CPU
		{48C7F7D5-AA2D-461C-BAED-B400CBFB94DA}.Release|Any CPU.ActiveCfg = Release|Any CPU
		{48C7F7D5-AA2D-461C-BAED-B400CBFB94DA}.Release|Any CPU.Build.0 = Release|Any CPU
		{48C7F7D5-AA2D-461C-BAED-B400CBFB94DA}.Release|x64.ActiveCfg = Release|Any CPU
		{48C7F7D5-AA2D-461C-BAED-B400CBFB94DA}.Release|x64.Build.0 = Release|Any CPU
		{48C7F7D5-AA2D-461C-BAED-B400CBFB94DA}.Release|x86.ActiveCfg = Release|Any CPU
		{48C7F7D5-AA2D-461C-BAED-B400CBFB94DA}.Release|x86.Build.0 = Release|Any CPU
		{51E4ADD7-1077-4471-97C0-C4ED829AC850}.Debug|Any CPU.ActiveCfg = Debug|Any CPU
		{51E4ADD7-1077-4471-97C0-C4ED829AC850}.Debug|Any CPU.Build.0 = Debug|Any CPU
		{51E4ADD7-1077-4471-97C0-C4ED829AC850}.Debug|x64.ActiveCfg = Debug|Any CPU
		{51E4ADD7-1077-4471-97C0-C4ED829AC850}.Debug|x64.Build.0 = Debug|Any CPU
		{51E4ADD7-1077-4471-97C0-C4ED829AC850}.Debug|x86.ActiveCfg = Debug|Any CPU
		{51E4ADD7-1077-4471-97C0-C4ED829AC850}.Debug|x86.Build.0 = Debug|Any CPU
		{51E4ADD7-1077-4471-97C0-C4ED829AC850}.Release|Any CPU.ActiveCfg = Release|Any CPU
		{51E4ADD7-1077-4471-97C0-C4ED829AC850}.Release|Any CPU.Build.0 = Release|Any CPU
		{51E4ADD7-1077-4471-97C0-C4ED829AC850}.Release|x64.ActiveCfg = Release|Any CPU
		{51E4ADD7-1077-4471-97C0-C4ED829AC850}.Release|x64.Build.0 = Release|Any CPU
		{51E4ADD7-1077-4471-97C0-C4ED829AC850}.Release|x86.ActiveCfg = Release|Any CPU
		{51E4ADD7-1077-4471-97C0-C4ED829AC850}.Release|x86.Build.0 = Release|Any CPU
		{B9E82C68-D69B-49C9-ABE6-4149FAF62598}.Debug|Any CPU.ActiveCfg = Debug|Any CPU
		{B9E82C68-D69B-49C9-ABE6-4149FAF62598}.Debug|Any CPU.Build.0 = Debug|Any CPU
		{B9E82C68-D69B-49C9-ABE6-4149FAF62598}.Debug|x64.ActiveCfg = Debug|Any CPU
		{B9E82C68-D69B-49C9-ABE6-4149FAF62598}.Debug|x64.Build.0 = Debug|Any CPU
		{B9E82C68-D69B-49C9-ABE6-4149FAF62598}.Debug|x86.ActiveCfg = Debug|Any CPU
		{B9E82C68-D69B-49C9-ABE6-4149FAF62598}.Debug|x86.Build.0 = Debug|Any CPU
		{B9E82C68-D69B-49C9-ABE6-4149FAF62598}.Release|Any CPU.ActiveCfg = Release|Any CPU
		{B9E82C68-D69B-49C9-ABE6-4149FAF62598}.Release|Any CPU.Build.0 = Release|Any CPU
		{B9E82C68-D69B-49C9-ABE6-4149FAF62598}.Release|x64.ActiveCfg = Release|Any CPU
		{B9E82C68-D69B-49C9-ABE6-4149FAF62598}.Release|x64.Build.0 = Release|Any CPU
		{B9E82C68-D69B-49C9-ABE6-4149FAF62598}.Release|x86.ActiveCfg = Release|Any CPU
		{B9E82C68-D69B-49C9-ABE6-4149FAF62598}.Release|x86.Build.0 = Release|Any CPU
		{FE5C9A14-D084-4747-9CCC-532D51EAE2DD}.Debug|Any CPU.ActiveCfg = Debug|Any CPU
		{FE5C9A14-D084-4747-9CCC-532D51EAE2DD}.Debug|Any CPU.Build.0 = Debug|Any CPU
		{FE5C9A14-D084-4747-9CCC-532D51EAE2DD}.Debug|x64.ActiveCfg = Debug|Any CPU
		{FE5C9A14-D084-4747-9CCC-532D51EAE2DD}.Debug|x64.Build.0 = Debug|Any CPU
		{FE5C9A14-D084-4747-9CCC-532D51EAE2DD}.Debug|x86.ActiveCfg = Debug|Any CPU
		{FE5C9A14-D084-4747-9CCC-532D51EAE2DD}.Debug|x86.Build.0 = Debug|Any CPU
		{FE5C9A14-D084-4747-9CCC-532D51EAE2DD}.Release|Any CPU.ActiveCfg = Release|Any CPU
		{FE5C9A14-D084-4747-9CCC-532D51EAE2DD}.Release|Any CPU.Build.0 = Release|Any CPU
		{FE5C9A14-D084-4747-9CCC-532D51EAE2DD}.Release|x64.ActiveCfg = Release|Any CPU
		{FE5C9A14-D084-4747-9CCC-532D51EAE2DD}.Release|x64.Build.0 = Release|Any CPU
		{FE5C9A14-D084-4747-9CCC-532D51EAE2DD}.Release|x86.ActiveCfg = Release|Any CPU
		{FE5C9A14-D084-4747-9CCC-532D51EAE2DD}.Release|x86.Build.0 = Release|Any CPU
		{28D960B6-828C-40D2-BC4C-27A951821E42}.Debug|Any CPU.ActiveCfg = Debug|Any CPU
		{28D960B6-828C-40D2-BC4C-27A951821E42}.Debug|Any CPU.Build.0 = Debug|Any CPU
		{28D960B6-828C-40D2-BC4C-27A951821E42}.Debug|x64.ActiveCfg = Debug|Any CPU
		{28D960B6-828C-40D2-BC4C-27A951821E42}.Debug|x64.Build.0 = Debug|Any CPU
		{28D960B6-828C-40D2-BC4C-27A951821E42}.Debug|x86.ActiveCfg = Debug|Any CPU
		{28D960B6-828C-40D2-BC4C-27A951821E42}.Debug|x86.Build.0 = Debug|Any CPU
		{28D960B6-828C-40D2-BC4C-27A951821E42}.Release|Any CPU.ActiveCfg = Release|Any CPU
		{28D960B6-828C-40D2-BC4C-27A951821E42}.Release|Any CPU.Build.0 = Release|Any CPU
		{28D960B6-828C-40D2-BC4C-27A951821E42}.Release|x64.ActiveCfg = Release|Any CPU
		{28D960B6-828C-40D2-BC4C-27A951821E42}.Release|x64.Build.0 = Release|Any CPU
		{28D960B6-828C-40D2-BC4C-27A951821E42}.Release|x86.ActiveCfg = Release|Any CPU
		{28D960B6-828C-40D2-BC4C-27A951821E42}.Release|x86.Build.0 = Release|Any CPU
		{175FA0D5-BCB7-486F-9057-B0AE627D99C8}.Debug|Any CPU.ActiveCfg = Debug|Any CPU
		{175FA0D5-BCB7-486F-9057-B0AE627D99C8}.Debug|Any CPU.Build.0 = Debug|Any CPU
		{175FA0D5-BCB7-486F-9057-B0AE627D99C8}.Debug|x64.ActiveCfg = Debug|Any CPU
		{175FA0D5-BCB7-486F-9057-B0AE627D99C8}.Debug|x64.Build.0 = Debug|Any CPU
		{175FA0D5-BCB7-486F-9057-B0AE627D99C8}.Debug|x86.ActiveCfg = Debug|Any CPU
		{175FA0D5-BCB7-486F-9057-B0AE627D99C8}.Debug|x86.Build.0 = Debug|Any CPU
		{175FA0D5-BCB7-486F-9057-B0AE627D99C8}.Release|Any CPU.ActiveCfg = Release|Any CPU
		{175FA0D5-BCB7-486F-9057-B0AE627D99C8}.Release|Any CPU.Build.0 = Release|Any CPU
		{175FA0D5-BCB7-486F-9057-B0AE627D99C8}.Release|x64.ActiveCfg = Release|Any CPU
		{175FA0D5-BCB7-486F-9057-B0AE627D99C8}.Release|x64.Build.0 = Release|Any CPU
		{175FA0D5-BCB7-486F-9057-B0AE627D99C8}.Release|x86.ActiveCfg = Release|Any CPU
		{175FA0D5-BCB7-486F-9057-B0AE627D99C8}.Release|x86.Build.0 = Release|Any CPU
		{03347E65-A2DF-41E0-9E0E-8D98FE3E8AA7}.Debug|Any CPU.ActiveCfg = Debug|Any CPU
		{03347E65-A2DF-41E0-9E0E-8D98FE3E8AA7}.Debug|Any CPU.Build.0 = Debug|Any CPU
		{03347E65-A2DF-41E0-9E0E-8D98FE3E8AA7}.Debug|x64.ActiveCfg = Debug|Any CPU
		{03347E65-A2DF-41E0-9E0E-8D98FE3E8AA7}.Debug|x64.Build.0 = Debug|Any CPU
		{03347E65-A2DF-41E0-9E0E-8D98FE3E8AA7}.Debug|x86.ActiveCfg = Debug|Any CPU
		{03347E65-A2DF-41E0-9E0E-8D98FE3E8AA7}.Debug|x86.Build.0 = Debug|Any CPU
		{03347E65-A2DF-41E0-9E0E-8D98FE3E8AA7}.Release|Any CPU.ActiveCfg = Release|Any CPU
		{03347E65-A2DF-41E0-9E0E-8D98FE3E8AA7}.Release|Any CPU.Build.0 = Release|Any CPU
		{03347E65-A2DF-41E0-9E0E-8D98FE3E8AA7}.Release|x64.ActiveCfg = Release|Any CPU
		{03347E65-A2DF-41E0-9E0E-8D98FE3E8AA7}.Release|x64.Build.0 = Release|Any CPU
		{03347E65-A2DF-41E0-9E0E-8D98FE3E8AA7}.Release|x86.ActiveCfg = Release|Any CPU
		{03347E65-A2DF-41E0-9E0E-8D98FE3E8AA7}.Release|x86.Build.0 = Release|Any CPU
		{A7DA6CE9-8810-4607-A5D2-2CA843872818}.Debug|Any CPU.ActiveCfg = Debug|Any CPU
		{A7DA6CE9-8810-4607-A5D2-2CA843872818}.Debug|Any CPU.Build.0 = Debug|Any CPU
		{A7DA6CE9-8810-4607-A5D2-2CA843872818}.Debug|x64.ActiveCfg = Debug|Any CPU
		{A7DA6CE9-8810-4607-A5D2-2CA843872818}.Debug|x64.Build.0 = Debug|Any CPU
		{A7DA6CE9-8810-4607-A5D2-2CA843872818}.Debug|x86.ActiveCfg = Debug|Any CPU
		{A7DA6CE9-8810-4607-A5D2-2CA843872818}.Debug|x86.Build.0 = Debug|Any CPU
		{A7DA6CE9-8810-4607-A5D2-2CA843872818}.Release|Any CPU.ActiveCfg = Release|Any CPU
		{A7DA6CE9-8810-4607-A5D2-2CA843872818}.Release|Any CPU.Build.0 = Release|Any CPU
		{A7DA6CE9-8810-4607-A5D2-2CA843872818}.Release|x64.ActiveCfg = Release|Any CPU
		{A7DA6CE9-8810-4607-A5D2-2CA843872818}.Release|x64.Build.0 = Release|Any CPU
		{A7DA6CE9-8810-4607-A5D2-2CA843872818}.Release|x86.ActiveCfg = Release|Any CPU
		{A7DA6CE9-8810-4607-A5D2-2CA843872818}.Release|x86.Build.0 = Release|Any CPU
		{441912D3-463D-4EA2-80C3-272426220B0B}.Debug|Any CPU.ActiveCfg = Debug|Any CPU
		{441912D3-463D-4EA2-80C3-272426220B0B}.Debug|Any CPU.Build.0 = Debug|Any CPU
		{441912D3-463D-4EA2-80C3-272426220B0B}.Debug|x64.ActiveCfg = Debug|Any CPU
		{441912D3-463D-4EA2-80C3-272426220B0B}.Debug|x64.Build.0 = Debug|Any CPU
		{441912D3-463D-4EA2-80C3-272426220B0B}.Debug|x86.ActiveCfg = Debug|Any CPU
		{441912D3-463D-4EA2-80C3-272426220B0B}.Debug|x86.Build.0 = Debug|Any CPU
		{441912D3-463D-4EA2-80C3-272426220B0B}.Release|Any CPU.ActiveCfg = Release|Any CPU
		{441912D3-463D-4EA2-80C3-272426220B0B}.Release|Any CPU.Build.0 = Release|Any CPU
		{441912D3-463D-4EA2-80C3-272426220B0B}.Release|x64.ActiveCfg = Release|Any CPU
		{441912D3-463D-4EA2-80C3-272426220B0B}.Release|x64.Build.0 = Release|Any CPU
		{441912D3-463D-4EA2-80C3-272426220B0B}.Release|x86.ActiveCfg = Release|Any CPU
		{441912D3-463D-4EA2-80C3-272426220B0B}.Release|x86.Build.0 = Release|Any CPU
		{B8C9D0E1-2F3A-4B5C-6D7E-8F9012345678}.Debug|Any CPU.ActiveCfg = Debug|Any CPU
		{B8C9D0E1-2F3A-4B5C-6D7E-8F9012345678}.Debug|Any CPU.Build.0 = Debug|Any CPU
		{B8C9D0E1-2F3A-4B5C-6D7E-8F9012345678}.Debug|x64.ActiveCfg = Debug|Any CPU
		{B8C9D0E1-2F3A-4B5C-6D7E-8F9012345678}.Debug|x64.Build.0 = Debug|Any CPU
		{B8C9D0E1-2F3A-4B5C-6D7E-8F9012345678}.Debug|x86.ActiveCfg = Debug|Any CPU
		{B8C9D0E1-2F3A-4B5C-6D7E-8F9012345678}.Debug|x86.Build.0 = Debug|Any CPU
		{B8C9D0E1-2F3A-4B5C-6D7E-8F9012345678}.Release|Any CPU.ActiveCfg = Release|Any CPU
		{B8C9D0E1-2F3A-4B5C-6D7E-8F9012345678}.Release|Any CPU.Build.0 = Release|Any CPU
		{B8C9D0E1-2F3A-4B5C-6D7E-8F9012345678}.Release|x64.ActiveCfg = Release|Any CPU
		{B8C9D0E1-2F3A-4B5C-6D7E-8F9012345678}.Release|x64.Build.0 = Release|Any CPU
		{B8C9D0E1-2F3A-4B5C-6D7E-8F9012345678}.Release|x86.ActiveCfg = Release|Any CPU
		{B8C9D0E1-2F3A-4B5C-6D7E-8F9012345678}.Release|x86.Build.0 = Release|Any CPU
		{1C5A27CB-4C3A-49E5-A1BB-274C7FF7193B}.Debug|Any CPU.ActiveCfg = Debug|Any CPU
		{1C5A27CB-4C3A-49E5-A1BB-274C7FF7193B}.Debug|Any CPU.Build.0 = Debug|Any CPU
		{1C5A27CB-4C3A-49E5-A1BB-274C7FF7193B}.Debug|x64.ActiveCfg = Debug|Any CPU
		{1C5A27CB-4C3A-49E5-A1BB-274C7FF7193B}.Debug|x64.Build.0 = Debug|Any CPU
		{1C5A27CB-4C3A-49E5-A1BB-274C7FF7193B}.Debug|x86.ActiveCfg = Debug|Any CPU
		{1C5A27CB-4C3A-49E5-A1BB-274C7FF7193B}.Debug|x86.Build.0 = Debug|Any CPU
		{1C5A27CB-4C3A-49E5-A1BB-274C7FF7193B}.Release|Any CPU.ActiveCfg = Release|Any CPU
		{1C5A27CB-4C3A-49E5-A1BB-274C7FF7193B}.Release|Any CPU.Build.0 = Release|Any CPU
		{1C5A27CB-4C3A-49E5-A1BB-274C7FF7193B}.Release|x64.ActiveCfg = Release|Any CPU
		{1C5A27CB-4C3A-49E5-A1BB-274C7FF7193B}.Release|x64.Build.0 = Release|Any CPU
		{1C5A27CB-4C3A-49E5-A1BB-274C7FF7193B}.Release|x86.ActiveCfg = Release|Any CPU
		{1C5A27CB-4C3A-49E5-A1BB-274C7FF7193B}.Release|x86.Build.0 = Release|Any CPU
		{44C9FA3C-8024-48B9-B6DF-8C8AB69995E3}.Debug|Any CPU.ActiveCfg = Debug|Any CPU
		{44C9FA3C-8024-48B9-B6DF-8C8AB69995E3}.Debug|Any CPU.Build.0 = Debug|Any CPU
		{44C9FA3C-8024-48B9-B6DF-8C8AB69995E3}.Debug|x64.ActiveCfg = Debug|Any CPU
		{44C9FA3C-8024-48B9-B6DF-8C8AB69995E3}.Debug|x64.Build.0 = Debug|Any CPU
		{44C9FA3C-8024-48B9-B6DF-8C8AB69995E3}.Debug|x86.ActiveCfg = Debug|Any CPU
		{44C9FA3C-8024-48B9-B6DF-8C8AB69995E3}.Debug|x86.Build.0 = Debug|Any CPU
		{44C9FA3C-8024-48B9-B6DF-8C8AB69995E3}.Release|Any CPU.ActiveCfg = Release|Any CPU
		{44C9FA3C-8024-48B9-B6DF-8C8AB69995E3}.Release|Any CPU.Build.0 = Release|Any CPU
		{44C9FA3C-8024-48B9-B6DF-8C8AB69995E3}.Release|x64.ActiveCfg = Release|Any CPU
		{44C9FA3C-8024-48B9-B6DF-8C8AB69995E3}.Release|x64.Build.0 = Release|Any CPU
		{44C9FA3C-8024-48B9-B6DF-8C8AB69995E3}.Release|x86.ActiveCfg = Release|Any CPU
		{44C9FA3C-8024-48B9-B6DF-8C8AB69995E3}.Release|x86.Build.0 = Release|Any CPU
		{75EAE0BB-2540-4C96-A1F0-B32D61D0A56D}.Debug|Any CPU.ActiveCfg = Debug|Any CPU
		{75EAE0BB-2540-4C96-A1F0-B32D61D0A56D}.Debug|Any CPU.Build.0 = Debug|Any CPU
		{75EAE0BB-2540-4C96-A1F0-B32D61D0A56D}.Debug|x64.ActiveCfg = Debug|Any CPU
		{75EAE0BB-2540-4C96-A1F0-B32D61D0A56D}.Debug|x64.Build.0 = Debug|Any CPU
		{75EAE0BB-2540-4C96-A1F0-B32D61D0A56D}.Debug|x86.ActiveCfg = Debug|Any CPU
		{75EAE0BB-2540-4C96-A1F0-B32D61D0A56D}.Debug|x86.Build.0 = Debug|Any CPU
		{75EAE0BB-2540-4C96-A1F0-B32D61D0A56D}.Release|Any CPU.ActiveCfg = Release|Any CPU
		{75EAE0BB-2540-4C96-A1F0-B32D61D0A56D}.Release|Any CPU.Build.0 = Release|Any CPU
		{75EAE0BB-2540-4C96-A1F0-B32D61D0A56D}.Release|x64.ActiveCfg = Release|Any CPU
		{75EAE0BB-2540-4C96-A1F0-B32D61D0A56D}.Release|x64.Build.0 = Release|Any CPU
		{75EAE0BB-2540-4C96-A1F0-B32D61D0A56D}.Release|x86.ActiveCfg = Release|Any CPU
		{75EAE0BB-2540-4C96-A1F0-B32D61D0A56D}.Release|x86.Build.0 = Release|Any CPU
		{5D29A32F-9B8C-432F-B20F-C72C85E52685}.Debug|Any CPU.ActiveCfg = Debug|Any CPU
		{5D29A32F-9B8C-432F-B20F-C72C85E52685}.Debug|Any CPU.Build.0 = Debug|Any CPU
		{5D29A32F-9B8C-432F-B20F-C72C85E52685}.Debug|x64.ActiveCfg = Debug|Any CPU
		{5D29A32F-9B8C-432F-B20F-C72C85E52685}.Debug|x64.Build.0 = Debug|Any CPU
		{5D29A32F-9B8C-432F-B20F-C72C85E52685}.Debug|x86.ActiveCfg = Debug|Any CPU
		{5D29A32F-9B8C-432F-B20F-C72C85E52685}.Debug|x86.Build.0 = Debug|Any CPU
		{5D29A32F-9B8C-432F-B20F-C72C85E52685}.Release|Any CPU.ActiveCfg = Release|Any CPU
		{5D29A32F-9B8C-432F-B20F-C72C85E52685}.Release|Any CPU.Build.0 = Release|Any CPU
		{5D29A32F-9B8C-432F-B20F-C72C85E52685}.Release|x64.ActiveCfg = Release|Any CPU
		{5D29A32F-9B8C-432F-B20F-C72C85E52685}.Release|x64.Build.0 = Release|Any CPU
		{5D29A32F-9B8C-432F-B20F-C72C85E52685}.Release|x86.ActiveCfg = Release|Any CPU
		{5D29A32F-9B8C-432F-B20F-C72C85E52685}.Release|x86.Build.0 = Release|Any CPU
		{7A70F9BE-4A56-474F-9B62-236783E75011}.Debug|Any CPU.ActiveCfg = Debug|Any CPU
		{7A70F9BE-4A56-474F-9B62-236783E75011}.Debug|Any CPU.Build.0 = Debug|Any CPU
		{7A70F9BE-4A56-474F-9B62-236783E75011}.Debug|x64.ActiveCfg = Debug|Any CPU
		{7A70F9BE-4A56-474F-9B62-236783E75011}.Debug|x64.Build.0 = Debug|Any CPU
		{7A70F9BE-4A56-474F-9B62-236783E75011}.Debug|x86.ActiveCfg = Debug|Any CPU
		{7A70F9BE-4A56-474F-9B62-236783E75011}.Debug|x86.Build.0 = Debug|Any CPU
		{7A70F9BE-4A56-474F-9B62-236783E75011}.Release|Any CPU.ActiveCfg = Release|Any CPU
		{7A70F9BE-4A56-474F-9B62-236783E75011}.Release|Any CPU.Build.0 = Release|Any CPU
		{7A70F9BE-4A56-474F-9B62-236783E75011}.Release|x64.ActiveCfg = Release|Any CPU
		{7A70F9BE-4A56-474F-9B62-236783E75011}.Release|x64.Build.0 = Release|Any CPU
		{7A70F9BE-4A56-474F-9B62-236783E75011}.Release|x86.ActiveCfg = Release|Any CPU
		{7A70F9BE-4A56-474F-9B62-236783E75011}.Release|x86.Build.0 = Release|Any CPU
		{1813E372-F3D1-4E79-826E-F9FD219DE6BF}.Debug|Any CPU.ActiveCfg = Debug|Any CPU
		{1813E372-F3D1-4E79-826E-F9FD219DE6BF}.Debug|Any CPU.Build.0 = Debug|Any CPU
		{1813E372-F3D1-4E79-826E-F9FD219DE6BF}.Debug|x64.ActiveCfg = Debug|Any CPU
		{1813E372-F3D1-4E79-826E-F9FD219DE6BF}.Debug|x64.Build.0 = Debug|Any CPU
		{1813E372-F3D1-4E79-826E-F9FD219DE6BF}.Debug|x86.ActiveCfg = Debug|Any CPU
		{1813E372-F3D1-4E79-826E-F9FD219DE6BF}.Debug|x86.Build.0 = Debug|Any CPU
		{1813E372-F3D1-4E79-826E-F9FD219DE6BF}.Release|Any CPU.ActiveCfg = Release|Any CPU
		{1813E372-F3D1-4E79-826E-F9FD219DE6BF}.Release|Any CPU.Build.0 = Release|Any CPU
		{1813E372-F3D1-4E79-826E-F9FD219DE6BF}.Release|x64.ActiveCfg = Release|Any CPU
		{1813E372-F3D1-4E79-826E-F9FD219DE6BF}.Release|x64.Build.0 = Release|Any CPU
		{1813E372-F3D1-4E79-826E-F9FD219DE6BF}.Release|x86.ActiveCfg = Release|Any CPU
		{1813E372-F3D1-4E79-826E-F9FD219DE6BF}.Release|x86.Build.0 = Release|Any CPU
		{84F2A91B-7C3D-4A2E-B91C-6D42F8E3A71B}.Debug|Any CPU.ActiveCfg = Debug|Any CPU
		{84F2A91B-7C3D-4A2E-B91C-6D42F8E3A71B}.Debug|Any CPU.Build.0 = Debug|Any CPU
		{84F2A91B-7C3D-4A2E-B91C-6D42F8E3A71B}.Debug|x64.ActiveCfg = Debug|Any CPU
		{84F2A91B-7C3D-4A2E-B91C-6D42F8E3A71B}.Debug|x64.Build.0 = Debug|Any CPU
		{84F2A91B-7C3D-4A2E-B91C-6D42F8E3A71B}.Debug|x86.ActiveCfg = Debug|Any CPU
		{84F2A91B-7C3D-4A2E-B91C-6D42F8E3A71B}.Debug|x86.Build.0 = Debug|Any CPU
		{84F2A91B-7C3D-4A2E-B91C-6D42F8E3A71B}.Release|Any CPU.ActiveCfg = Release|Any CPU
		{84F2A91B-7C3D-4A2E-B91C-6D42F8E3A71B}.Release|Any CPU.Build.0 = Release|Any CPU
		{84F2A91B-7C3D-4A2E-B91C-6D42F8E3A71B}.Release|x64.ActiveCfg = Release|Any CPU
		{84F2A91B-7C3D-4A2E-B91C-6D42F8E3A71B}.Release|x64.Build.0 = Release|Any CPU
		{84F2A91B-7C3D-4A2E-B91C-6D42F8E3A71B}.Release|x86.ActiveCfg = Release|Any CPU
		{84F2A91B-7C3D-4A2E-B91C-6D42F8E3A71B}.Release|x86.Build.0 = Release|Any CPU
		{95E3B02C-8D4E-5B3F-C02D-7E53F9D4B82C}.Debug|Any CPU.ActiveCfg = Debug|Any CPU
		{95E3B02C-8D4E-5B3F-C02D-7E53F9D4B82C}.Debug|Any CPU.Build.0 = Debug|Any CPU
		{95E3B02C-8D4E-5B3F-C02D-7E53F9D4B82C}.Debug|x64.ActiveCfg = Debug|Any CPU
		{95E3B02C-8D4E-5B3F-C02D-7E53F9D4B82C}.Debug|x64.Build.0 = Debug|Any CPU
		{95E3B02C-8D4E-5B3F-C02D-7E53F9D4B82C}.Debug|x86.ActiveCfg = Debug|Any CPU
		{95E3B02C-8D4E-5B3F-C02D-7E53F9D4B82C}.Debug|x86.Build.0 = Debug|Any CPU
		{95E3B02C-8D4E-5B3F-C02D-7E53F9D4B82C}.Release|Any CPU.ActiveCfg = Release|Any CPU
		{95E3B02C-8D4E-5B3F-C02D-7E53F9D4B82C}.Release|Any CPU.Build.0 = Release|Any CPU
		{95E3B02C-8D4E-5B3F-C02D-7E53F9D4B82C}.Release|x64.ActiveCfg = Release|Any CPU
		{95E3B02C-8D4E-5B3F-C02D-7E53F9D4B82C}.Release|x64.Build.0 = Release|Any CPU
		{95E3B02C-8D4E-5B3F-C02D-7E53F9D4B82C}.Release|x86.ActiveCfg = Release|Any CPU
		{95E3B02C-8D4E-5B3F-C02D-7E53F9D4B82C}.Release|x86.Build.0 = Release|Any CPU
		{A6F4C13D-9E5F-6C40-D13E-8F64A0E5C93D}.Debug|Any CPU.ActiveCfg = Debug|Any CPU
		{A6F4C13D-9E5F-6C40-D13E-8F64A0E5C93D}.Debug|Any CPU.Build.0 = Debug|Any CPU
		{A6F4C13D-9E5F-6C40-D13E-8F64A0E5C93D}.Debug|x64.ActiveCfg = Debug|Any CPU
		{A6F4C13D-9E5F-6C40-D13E-8F64A0E5C93D}.Debug|x64.Build.0 = Debug|Any CPU
		{A6F4C13D-9E5F-6C40-D13E-8F64A0E5C93D}.Debug|x86.ActiveCfg = Debug|Any CPU
		{A6F4C13D-9E5F-6C40-D13E-8F64A0E5C93D}.Debug|x86.Build.0 = Debug|Any CPU
		{A6F4C13D-9E5F-6C40-D13E-8F64A0E5C93D}.Release|Any CPU.ActiveCfg = Release|Any CPU
		{A6F4C13D-9E5F-6C40-D13E-8F64A0E5C93D}.Release|Any CPU.Build.0 = Release|Any CPU
		{A6F4C13D-9E5F-6C40-D13E-8F64A0E5C93D}.Release|x64.ActiveCfg = Release|Any CPU
		{A6F4C13D-9E5F-6C40-D13E-8F64A0E5C93D}.Release|x64.Build.0 = Release|Any CPU
		{A6F4C13D-9E5F-6C40-D13E-8F64A0E5C93D}.Release|x86.ActiveCfg = Release|Any CPU
		{A6F4C13D-9E5F-6C40-D13E-8F64A0E5C93D}.Release|x86.Build.0 = Release|Any CPU
	EndGlobalSection
	GlobalSection(SolutionProperties) = preSolution
		HideSolutionNode = FALSE
	EndGlobalSection
	GlobalSection(NestedProjects) = preSolution
		{C8D2BBA0-C646-460A-A0C1-1E25E10E68EE} = {DFEE68D8-A7D0-1A41-506C-9B74AA9A7B7B}
		{EC0FB38D-C37C-4EB3-A48F-48834E360BC7} = {DFEE68D8-A7D0-1A41-506C-9B74AA9A7B7B}
		{48C7F7D5-AA2D-461C-BAED-B400CBFB94DA} = {DFEE68D8-A7D0-1A41-506C-9B74AA9A7B7B}
		{51E4ADD7-1077-4471-97C0-C4ED829AC850} = {FA674B5A-3394-926C-2B1E-70E5B00E4A5C}
		{B9E82C68-D69B-49C9-ABE6-4149FAF62598} = {0AB3BF05-4346-4AA6-1389-037BE0695223}
		{FE5C9A14-D084-4747-9CCC-532D51EAE2DD} = {0AB3BF05-4346-4AA6-1389-037BE0695223}
		{28D960B6-828C-40D2-BC4C-27A951821E42} = {0AB3BF05-4346-4AA6-1389-037BE0695223}
		{175FA0D5-BCB7-486F-9057-B0AE627D99C8} = {0AB3BF05-4346-4AA6-1389-037BE0695223}
		{03347E65-A2DF-41E0-9E0E-8D98FE3E8AA7} = {07D57EEB-2F50-60C4-C011-FE4FA775C9A8}
		{A7DA6CE9-8810-4607-A5D2-2CA843872818} = {0AB3BF05-4346-4AA6-1389-037BE0695223}
		{B8C9D0E1-2F3A-4B5C-6D7E-8F9012345678} = {0AB3BF05-4346-4AA6-1389-037BE0695223}
		{44C9FA3C-8024-48B9-B6DF-8C8AB69995E3} = {0AB3BF05-4346-4AA6-1389-037BE0695223}
		{75EAE0BB-2540-4C96-A1F0-B32D61D0A56D} = {0AB3BF05-4346-4AA6-1389-037BE0695223}
		{5D29A32F-9B8C-432F-B20F-C72C85E52685} = {07D57EEB-2F50-60C4-C011-FE4FA775C9A8}
		{7A70F9BE-4A56-474F-9B62-236783E75011} = {07D57EEB-2F50-60C4-C011-FE4FA775C9A8}
		{1813E372-F3D1-4E79-826E-F9FD219DE6BF} = {07D57EEB-2F50-60C4-C011-FE4FA775C9A8}
		{84F2A91B-7C3D-4A2E-B91C-6D42F8E3A71B} = {0AB3BF05-4346-4AA6-1389-037BE0695223}
		{95E3B02C-8D4E-5B3F-C02D-7E53F9D4B82C} = {0AB3BF05-4346-4AA6-1389-037BE0695223}
		{A6F4C13D-9E5F-6C40-D13E-8F64A0E5C93D} = {0AB3BF05-4346-4AA6-1389-037BE0695223}
	EndGlobalSection
	GlobalSection(ExtensibilityGlobals) = postSolution
		SolutionGuid = {B401E57C-C872-4815-8D2F-052285E0ED56}
	EndGlobalSection
EndGlobal
